<?xml version="1.0" encoding="utf-8"?>
<Project ToolsVersion="4.0" xmlns="http://schemas.microsoft.com/developer/msbuild/2003">
  <ItemGroup>
    <Filter Include="Assets">
      <UniqueIdentifier>{3824E0A7-24C6-0A7E-0D81-1ED2F9C191CE}</UniqueIdentifier>
    </Filter>
    <Filter Include="Assets\Data">
      <UniqueIdentifier>{A1FCB013-0DB2-2909-96A6-23E0025B200D}</UniqueIdentifier>
    </Filter>
    <Filter Include="Assets\Textures">
      <UniqueIdentifier>{0B35254A-77C0-920E-80D1-1503ECDBEE0E}</UniqueIdentifier>
    </Filter>
    <Filter Include="Assets\Textures\Sprites">
      <UniqueIdentifier>{8416A7C6-F04D-EF5D-F957-5381650E1657}</UniqueIdentifier>
    </Filter>
    <Filter Include="src">
      <UniqueIdentifier>{2DAB880B-99B4-887C-2230-9F7C8E38947C}</UniqueIdentifier>
    </Filter>
  </ItemGroup>
  <ItemGroup>
    <ClInclude Include="src\DataHandler.h">
      <Filter>src</Filter>
    </ClInclude>
    <ClInclude Include="src\Sandbox2D.h">
      <Filter>src</Filter>
    </ClInclude>
  </ItemGroup>
  <ItemGroup>
    <ClCompile Include="src\DataHandler.cpp">
      <Filter>src</Filter>
    </ClCompile>
    <ClCompile Include="src\Sandbox2D.cpp">
      <Filter>src</Filter>
    </ClCompile>
    <ClCompile Include="src\SandboxApplication.cpp">
      <Filter>src</Filter>
    </ClCompile>
  </ItemGroup>
  <ItemGroup>
    <None Include="Assets\Data\ParticleData.json">
      <Filter>Assets\Data</Filter>
    </None>
    <None Include="Assets\Data\VertexData.json">
      <Filter>Assets\Data</Filter>
    </None>
    <None Include="Assets\Data\quads.json">
      <Filter>Assets\Data</Filter>
    </None>
    <None Include="CompileShaders.bat" />
  </ItemGroup>
  <ItemGroup>
    <Image Include="Assets\Textures\Sprites\D_Attack.png">
      <Filter>Assets\Textures\Sprites</Filter>
    </Image>
    <Image Include="Assets\Textures\Sprites\D_Death.png">
      <Filter>Assets\Textures\Sprites</Filter>
    </Image>
    <Image Include="Assets\Textures\Sprites\D_Walk.png">
      <Filter>Assets\Textures\Sprites</Filter>
    </Image>
    <Image Include="Assets\Textures\Sprites\S_Attack.png">
      <Filter>Assets\Textures\Sprites</Filter>
    </Image>
    <Image Include="Assets\Textures\Sprites\S_Death.png">
      <Filter>Assets\Textures\Sprites</Filter>
    </Image>
    <Image Include="Assets\Textures\Sprites\S_Walk.png">
      <Filter>Assets\Textures\Sprites</Filter>
    </Image>
    <Image Include="Assets\Textures\Sprites\U_Attack.png">
      <Filter>Assets\Textures\Sprites</Filter>
    </Image>
    <Image Include="Assets\Textures\Sprites\U_Death.png">
      <Filter>Assets\Textures\Sprites</Filter>
    </Image>
    <Image Include="Assets\Textures\Sprites\U_Walk.png">
      <Filter>Assets\Textures\Sprites</Filter>
    </Image>
    <Image Include="Assets\Textures\Sprites\grass_1.png">
      <Filter>Assets\Textures\Sprites</Filter>
    </Image>
  </ItemGroup>
</Project>