<?xml version="1.0" encoding="utf-8"?>
<Project ToolsVersion="4.0" xmlns="http://schemas.microsoft.com/developer/msbuild/2003">
  <ItemGroup>
    <Filter Include="Quin">
      <UniqueIdentifier>{E2798B7C-CEB0-8C0D-779D-721063B3080F}</UniqueIdentifier>
    </Filter>
    <Filter Include="Quin\Events">
      <UniqueIdentifier>{86F35C0D-F2A8-D502-7B9D-CFD9E751CC06}</UniqueIdentifier>
    </Filter>
    <Filter Include="Quin\Platform">
      <UniqueIdentifier>{76F485F4-E2B4-012B-ABEF-4AA8176F4607}</UniqueIdentifier>
    </Filter>
    <Filter Include="Quin\Platform\Windows">
      <UniqueIdentifier>{B0B4A37C-1C21-5F77-E514-F7D4514081DF}</UniqueIdentifier>
    </Filter>
  </ItemGroup>
  <ItemGroup>
    <ClInclude Include="src\Quin.h" />
    <ClInclude Include="src\Quin\Application.h">
      <Filter>Quin</Filter>
    </ClInclude>
    <ClInclude Include="src\Quin\EntryPoint.h">
      <Filter>Quin</Filter>
    </ClInclude>
    <ClInclude Include="src\Quin\Events\ApplicationEvent.h">
      <Filter>Quin\Events</Filter>
    </ClInclude>
    <ClInclude Include="src\Quin\Events\Event.h">
      <Filter>Quin\Events</Filter>
    </ClInclude>
    <ClInclude Include="src\Quin\Events\KeyboardEvent.h">
      <Filter>Quin\Events</Filter>
    </ClInclude>
    <ClInclude Include="src\Quin\Events\MouseEvent.h">
      <Filter>Quin\Events</Filter>
    </ClInclude>
    <ClInclude Include="src\Quin\Log.h">
      <Filter>Quin</Filter>
    </ClInclude>
    <ClInclude Include="src\Quin\Platform\Windows\WinWindow.h">
      <Filter>Quin\Platform\Windows</Filter>
    </ClInclude>
    <ClInclude Include="src\Quin\Window.h">
      <Filter>Quin</Filter>
    </ClInclude>
    <ClInclude Include="src\Quin\core.h">
      <Filter>Quin</Filter>
    </ClInclude>
    <ClInclude Include="src\Quin\qnpch.h">
      <Filter>Quin</Filter>
    </ClInclude>
  </ItemGroup>
  <ItemGroup>
    <ClCompile Include="src\Quin\Application.cpp">
      <Filter>Quin</Filter>
    </ClCompile>
    <ClCompile Include="src\Quin\Log.cpp">
      <Filter>Quin</Filter>
    </ClCompile>
    <ClCompile Include="src\Quin\Platform\Windows\WinWindow.cpp">
      <Filter>Quin\Platform\Windows</Filter>
    </ClCompile>
    <ClCompile Include="src\Quin\qnpch.cpp">
      <Filter>Quin</Filter>
    </ClCompile>
  </ItemGroup>
</Project>