<?xml version="1.0" encoding="utf-8"?>
<Project ToolsVersion="4.0" xmlns="http://schemas.microsoft.com/developer/msbuild/2003">
  <ItemGroup>
    <Filter Include="Quin">
      <UniqueIdentifier>{E2798B7C-CEB0-8C0D-779D-721063B3080F}</UniqueIdentifier>
    </Filter>
    <Filter Include="Quin\Events">
      <UniqueIdentifier>{86F35C0D-F2A8-D502-7B9D-CFD9E751CC06}</UniqueIdentifier>
    </Filter>
    <Filter Include="Quin\Particle System">
      <UniqueIdentifier>{4A240118-36B3-8AE1-DFD1-9EDCCB3F9B87}</UniqueIdentifier>
    </Filter>
    <Filter Include="Quin\Platform">
      <UniqueIdentifier>{76F485F4-E2B4-012B-ABEF-4AA8176F4607}</UniqueIdentifier>
    </Filter>
    <Filter Include="Quin\Platform\Vulkan">
      <UniqueIdentifier>{36A132A5-2230-BC6E-CB4E-D069B7BCCC14}</UniqueIdentifier>
    </Filter>
    <Filter Include="Quin\Platform\Windows">
      <UniqueIdentifier>{B0B4A37C-1C21-5F77-E514-F7D4514081DF}</UniqueIdentifier>
    </Filter>
    <Filter Include="Quin\Renderer">
      <UniqueIdentifier>{C8FB62CF-34BC-DE05-FDF6-2783697623E2}</UniqueIdentifier>
    </Filter>
    <Filter Include="Quin\Renderer\Shaders">
      <UniqueIdentifier>{A1684A64-0DD5-055F-D6C8-9DBC42F427C7}</UniqueIdentifier>
    </Filter>
    <Filter Include="Quin\Resource System">
      <UniqueIdentifier>{DE23C60A-CAB2-4FD4-73D1-63CF5F3F607A}</UniqueIdentifier>
    </Filter>
  </ItemGroup>
  <ItemGroup>
    <ClInclude Include="src\Quin.h" />
    <ClInclude Include="src\Quin\Application.h">
      <Filter>Quin</Filter>
    </ClInclude>
    <ClInclude Include="src\Quin\EntryPoint.h">
      <Filter>Quin</Filter>
    </ClInclude>
    <ClInclude Include="src\Quin\Events\ApplicationEvent.h">
      <Filter>Quin\Events</Filter>
    </ClInclude>
    <ClInclude Include="src\Quin\Events\Event.h">
      <Filter>Quin\Events</Filter>
    </ClInclude>
    <ClInclude Include="src\Quin\Events\KeyboardEvent.h">
      <Filter>Quin\Events</Filter>
    </ClInclude>
    <ClInclude Include="src\Quin\Events\MouseEvent.h">
      <Filter>Quin\Events</Filter>
    </ClInclude>
    <ClInclude Include="src\Quin\Keycodes.h">
      <Filter>Quin</Filter>
    </ClInclude>
    <ClInclude Include="src\Quin\Layer.h">
      <Filter>Quin</Filter>
    </ClInclude>
    <ClInclude Include="src\Quin\LayerStack.h">
      <Filter>Quin</Filter>
    </ClInclude>
    <ClInclude Include="src\Quin\Log.h">
      <Filter>Quin</Filter>
    </ClInclude>
    <ClInclude Include="src\Quin\Particle System\ParticleSystem.h">
      <Filter>Quin\Particle System</Filter>
    </ClInclude>
    <ClInclude Include="src\Quin\Platform\Vulkan\VulkanAPI.h">
      <Filter>Quin\Platform\Vulkan</Filter>
    </ClInclude>
    <ClInclude Include="src\Quin\Platform\Windows\WinWindow.h">
      <Filter>Quin\Platform\Windows</Filter>
    </ClInclude>
    <ClInclude Include="src\Quin\Renderer\Buffer.h">
      <Filter>Quin\Renderer</Filter>
    </ClInclude>
    <ClInclude Include="src\Quin\Renderer\Camera.h">
      <Filter>Quin\Renderer</Filter>
    </ClInclude>
    <ClInclude Include="src\Quin\Renderer\OrthographicCamera.h">
      <Filter>Quin\Renderer</Filter>
    </ClInclude>
    <ClInclude Include="src\Quin\Renderer\QuinMath.h">
      <Filter>Quin\Renderer</Filter>
    </ClInclude>
    <ClInclude Include="src\Quin\Renderer\RenderData.h">
      <Filter>Quin\Renderer</Filter>
    </ClInclude>
    <ClInclude Include="src\Quin\Renderer\Renderer.h">
      <Filter>Quin\Renderer</Filter>
    </ClInclude>
    <ClInclude Include="src\Quin\Renderer\Renderer2D.h">
      <Filter>Quin\Renderer</Filter>
    </ClInclude>
    <ClInclude Include="src\Quin\Renderer\Scene2D.h">
      <Filter>Quin\Renderer</Filter>
    </ClInclude>
    <ClInclude Include="src\Quin\Resource System\ECS.h">
      <Filter>Quin\Resource System</Filter>
    </ClInclude>
    <ClInclude Include="src\Quin\Resource System\ResourceManager.h">
      <Filter>Quin\Resource System</Filter>
    </ClInclude>
    <ClInclude Include="src\Quin\Timer.h">
      <Filter>Quin</Filter>
    </ClInclude>
    <ClInclude Include="src\Quin\Window.h">
      <Filter>Quin</Filter>
    </ClInclude>
    <ClInclude Include="src\Quin\core.h">
      <Filter>Quin</Filter>
    </ClInclude>
    <ClInclude Include="src\Quin\json_parser.h">
      <Filter>Quin</Filter>
    </ClInclude>
    <ClInclude Include="src\Quin\qnpch.h">
      <Filter>Quin</Filter>
    </ClInclude>
    <ClInclude Include="src\Quin\Platform\Vulkan\utils.h" />
    <ClInclude Include="src\Quin\Platform\Vulkan\VkMem.h" />
  </ItemGroup>
  <ItemGroup>
    <ClCompile Include="src\Quin\Application.cpp">
      <Filter>Quin</Filter>
    </ClCompile>
    <ClCompile Include="src\Quin\Layer.cpp">
      <Filter>Quin</Filter>
    </ClCompile>
    <ClCompile Include="src\Quin\LayerStack.cpp">
      <Filter>Quin</Filter>
    </ClCompile>
    <ClCompile Include="src\Quin\Log.cpp">
      <Filter>Quin</Filter>
    </ClCompile>
    <ClCompile Include="src\Quin\Particle System\ParticleSystem.cpp">
      <Filter>Quin\Particle System</Filter>
    </ClCompile>
    <ClCompile Include="src\Quin\Platform\Vulkan\VulkanAPI.cpp">
      <Filter>Quin\Platform\Vulkan</Filter>
    </ClCompile>
    <ClCompile Include="src\Quin\Platform\Windows\WinWindow.cpp">
      <Filter>Quin\Platform\Windows</Filter>
    </ClCompile>
    <ClCompile Include="src\Quin\Renderer\Camera.cpp">
      <Filter>Quin\Renderer</Filter>
    </ClCompile>
    <ClCompile Include="src\Quin\Renderer\OrthographicCamera.cpp">
      <Filter>Quin\Renderer</Filter>
    </ClCompile>
    <ClCompile Include="src\Quin\Renderer\Renderer.cpp">
      <Filter>Quin\Renderer</Filter>
    </ClCompile>
    <ClCompile Include="src\Quin\Renderer\Renderer2D.cpp">
      <Filter>Quin\Renderer</Filter>
    </ClCompile>
    <ClCompile Include="src\Quin\Renderer\Scene2D.cpp">
      <Filter>Quin\Renderer</Filter>
    </ClCompile>
    <ClCompile Include="src\Quin\Resource System\ResourceManager.cpp">
      <Filter>Quin\Resource System</Filter>
    </ClCompile>
    <ClCompile Include="src\Quin\qnpch.cpp">
      <Filter>Quin</Filter>
    </ClCompile>
    <ClCompile Include="src\Quin\stb_image.cpp">
      <Filter>Quin</Filter>
    </ClCompile>
    <ClCompile Include="src\Quin\Platform\Vulkan\utils.cpp" />
    <ClCompile Include="src\Quin\Platform\Vulkan\VkMem.cpp" />
  </ItemGroup>
  <ItemGroup>
    <None Include="src\Quin\Renderer\Shaders\Shader.frag">
      <Filter>Quin\Renderer\Shaders</Filter>
    </None>
    <None Include="src\Quin\Renderer\Shaders\Shader.vert">
      <Filter>Quin\Renderer\Shaders</Filter>
    </None>
  </ItemGroup>
</Project>